
Microsoft Visual Studio Solution File, Format Version 12.00
# Visual Studio Version 17
VisualStudioVersion = 17.8.34330.188
MinimumVisualStudioVersion = 10.0.40219.1
Project("{FAE04EC0-301F-11D3-BF4B-00C04F79EFBC}") = "CustomerOrder.API", "CustomerOrder.API\CustomerOrder.API.csproj", "{EF0931E8-9525-4052-93B2-9853E8529D98}"
EndProject
Project("{FAE04EC0-301F-11D3-BF4B-00C04F79EFBC}") = "CustomerOrder.Data", "CustomerOrder.Data\CustomerOrder.Data.csproj", "{5DF59BCF-8374-4D5F-9460-207EAF0F7DA7}"
EndProject
Global
	GlobalSection(SolutionConfigurationPlatforms) = preSolution
		Debug|Any CPU = Debug|Any CPU
		Release|Any CPU = Release|Any CPU
	EndGlobalSection
	GlobalSection(ProjectConfigurationPlatforms) = postSolution
		{EF0931E8-9525-4052-93B2-9853E8529D98}.Debug|Any CPU.ActiveCfg = Debug|Any CPU
		{EF0931E8-9525-4052-93B2-9853E8529D98}.Debug|Any CPU.Build.0 = Debug|Any CPU
		{EF0931E8-9525-4052-93B2-9853E8529D98}.Release|Any CPU.ActiveCfg = Release|Any CPU
		{EF0931E8-9525-4052-93B2-9853E8529D98}.Release|Any CPU.Build.0 = Release|Any CPU
		{5DF59BCF-8374-4D5F-9460-207EAF0F7DA7}.Debug|Any CPU.ActiveCfg = Debug|Any CPU
		{5DF59BCF-8374-4D5F-9460-207EAF0F7DA7}.Debug|Any CPU.Build.0 = Debug|Any CPU
		{5DF59BCF-8374-4D5F-9460-207EAF0F7DA7}.Release|Any CPU.ActiveCfg = Release|Any CPU
		{5DF59BCF-8374-4D5F-9460-207EAF0F7DA7}.Release|Any CPU.Build.0 = Release|Any CPU
	EndGlobalSection
	GlobalSection(SolutionProperties) = preSolution
		HideSolutionNode = FALSE
	EndGlobalSection
	GlobalSection(ExtensibilityGlobals) = postSolution
		SolutionGuid = {B25A9A13-7775-476D-BF24-7B975B1F264F}
	EndGlobalSection
EndGlobal
